
Microsoft Visual Studio Solution File, Format Version 12.00
# Visual Studio Version 17
VisualStudioVersion = 17.3.32901.215
MinimumVisualStudioVersion = 10.0.40219.1
Project("{FAE04EC0-301F-11D3-BF4B-00C04F79EFBC}") = "Practica.EF.UI", "Practica.EF.UI\Practica.EF.UI.csproj", "{F85A0E02-016E-46D5-860C-5D74449B6028}"
EndProject
Project("{FAE04EC0-301F-11D3-BF4B-00C04F79EFBC}") = "Practica.EF.Logic", "Practica.EF.Logic\Practica.EF.Logic.csproj", "{4E4BB2B1-4C88-420D-BA5E-915DA5ADF17F}"
EndProject
Project("{FAE04EC0-301F-11D3-BF4B-00C04F79EFBC}") = "Practica.EF.Data", "Practica.EF.Data\Practica.EF.Data.csproj", "{7FC6B8FB-3C3A-4FEE-912E-E345B39789CA}"
EndProject
Project("{FAE04EC0-301F-11D3-BF4B-00C04F79EFBC}") = "Practica.EF.Entities", "Practica.EF.Entities\Practica.EF.Entities.csproj", "{59024477-A21B-4A9D-8EEC-7204DEAC96FD}"
EndProject
Project("{FAE04EC0-301F-11D3-BF4B-00C04F79EFBC}") = "Common", "Common\Common.csproj", "{DE2B7713-A033-4BCD-AD9E-F267A9D418B0}"
EndProject
Project("{FAE04EC0-301F-11D3-BF4B-00C04F79EFBC}") = "CommonTests", "CommonTests\CommonTests.csproj", "{8B2ACDEE-7DFC-4BBE-B922-249E02F6F884}"
EndProject
Project("{FAE04EC0-301F-11D3-BF4B-00C04F79EFBC}") = "Practica.EF.Tests", "Practica.EF.Tests\Practica.EF.Tests.csproj", "{1E6C4C3F-C268-4307-BAF3-4541CFCCA626}"
EndProject
Project("{FAE04EC0-301F-11D3-BF4B-00C04F79EFBC}") = "Practica.EF.MVC", "Practica.EF.MVC\Practica.EF.MVC.csproj", "{9556B678-13A0-4D7D-B499-AE4EF624BE31}"
EndProject
Project("{FAE04EC0-301F-11D3-BF4B-00C04F79EFBC}") = "Practica.EF.WebAPI", "Practica.EF.WebAPI\Practica.EF.WebAPI.csproj", "{840432B2-D697-4070-8FB0-BED374CEB39D}"
EndProject
Project("{FAE04EC0-301F-11D3-BF4B-00C04F79EFBC}") = "Practica.EF.Service", "Practica.EF.Service\Practica.EF.Service.csproj", "{3DEF71E3-663D-4673-A689-5144343FCA0B}"
EndProject
Global
	GlobalSection(SolutionConfigurationPlatforms) = preSolution
		Debug|Any CPU = Debug|Any CPU
		Release|Any CPU = Release|Any CPU
	EndGlobalSection
	GlobalSection(ProjectConfigurationPlatforms) = postSolution
		{F85A0E02-016E-46D5-860C-5D74449B6028}.Debug|Any CPU.ActiveCfg = Debug|Any CPU
		{F85A0E02-016E-46D5-860C-5D74449B6028}.Debug|Any CPU.Build.0 = Debug|Any CPU
		{F85A0E02-016E-46D5-860C-5D74449B6028}.Release|Any CPU.ActiveCfg = Release|Any CPU
		{F85A0E02-016E-46D5-860C-5D74449B6028}.Release|Any CPU.Build.0 = Release|Any CPU
		{4E4BB2B1-4C88-420D-BA5E-915DA5ADF17F}.Debug|Any CPU.ActiveCfg = Debug|Any CPU
		{4E4BB2B1-4C88-420D-BA5E-915DA5ADF17F}.Debug|Any CPU.Build.0 = Debug|Any CPU
		{4E4BB2B1-4C88-420D-BA5E-915DA5ADF17F}.Release|Any CPU.ActiveCfg = Release|Any CPU
		{4E4BB2B1-4C88-420D-BA5E-915DA5ADF17F}.Release|Any CPU.Build.0 = Release|Any CPU
		{7FC6B8FB-3C3A-4FEE-912E-E345B39789CA}.Debug|Any CPU.ActiveCfg = Debug|Any CPU
		{7FC6B8FB-3C3A-4FEE-912E-E345B39789CA}.Debug|Any CPU.Build.0 = Debug|Any CPU
		{7FC6B8FB-3C3A-4FEE-912E-E345B39789CA}.Release|Any CPU.ActiveCfg = Release|Any CPU
		{7FC6B8FB-3C3A-4FEE-912E-E345B39789CA}.Release|Any CPU.Build.0 = Release|Any CPU
		{59024477-A21B-4A9D-8EEC-7204DEAC96FD}.Debug|Any CPU.ActiveCfg = Debug|Any CPU
		{59024477-A21B-4A9D-8EEC-7204DEAC96FD}.Debug|Any CPU.Build.0 = Debug|Any CPU
		{59024477-A21B-4A9D-8EEC-7204DEAC96FD}.Release|Any CPU.ActiveCfg = Release|Any CPU
		{59024477-A21B-4A9D-8EEC-7204DEAC96FD}.Release|Any CPU.Build.0 = Release|Any CPU
		{DE2B7713-A033-4BCD-AD9E-F267A9D418B0}.Debug|Any CPU.ActiveCfg = Debug|Any CPU
		{DE2B7713-A033-4BCD-AD9E-F267A9D418B0}.Debug|Any CPU.Build.0 = Debug|Any CPU
		{DE2B7713-A033-4BCD-AD9E-F267A9D418B0}.Release|Any CPU.ActiveCfg = Release|Any CPU
		{DE2B7713-A033-4BCD-AD9E-F267A9D418B0}.Release|Any CPU.Build.0 = Release|Any CPU
		{8B2ACDEE-7DFC-4BBE-B922-249E02F6F884}.Debug|Any CPU.ActiveCfg = Debug|Any CPU
		{8B2ACDEE-7DFC-4BBE-B922-249E02F6F884}.Debug|Any CPU.Build.0 = Debug|Any CPU
		{8B2ACDEE-7DFC-4BBE-B922-249E02F6F884}.Release|Any CPU.ActiveCfg = Release|Any CPU
		{8B2ACDEE-7DFC-4BBE-B922-249E02F6F884}.Release|Any CPU.Build.0 = Release|Any CPU
		{1E6C4C3F-C268-4307-BAF3-4541CFCCA626}.Debug|Any CPU.ActiveCfg = Debug|Any CPU
		{1E6C4C3F-C268-4307-BAF3-4541CFCCA626}.Debug|Any CPU.Build.0 = Debug|Any CPU
		{1E6C4C3F-C268-4307-BAF3-4541CFCCA626}.Release|Any CPU.ActiveCfg = Release|Any CPU
		{1E6C4C3F-C268-4307-BAF3-4541CFCCA626}.Release|Any CPU.Build.0 = Release|Any CPU
		{9556B678-13A0-4D7D-B499-AE4EF624BE31}.Debug|Any CPU.ActiveCfg = Debug|Any CPU
		{9556B678-13A0-4D7D-B499-AE4EF624BE31}.Debug|Any CPU.Build.0 = Debug|Any CPU
		{9556B678-13A0-4D7D-B499-AE4EF624BE31}.Release|Any CPU.ActiveCfg = Release|Any CPU
		{9556B678-13A0-4D7D-B499-AE4EF624BE31}.Release|Any CPU.Build.0 = Release|Any CPU
		{840432B2-D697-4070-8FB0-BED374CEB39D}.Debug|Any CPU.ActiveCfg = Debug|Any CPU
		{840432B2-D697-4070-8FB0-BED374CEB39D}.Debug|Any CPU.Build.0 = Debug|Any CPU
		{840432B2-D697-4070-8FB0-BED374CEB39D}.Release|Any CPU.ActiveCfg = Release|Any CPU
		{840432B2-D697-4070-8FB0-BED374CEB39D}.Release|Any CPU.Build.0 = Release|Any CPU
		{3DEF71E3-663D-4673-A689-5144343FCA0B}.Debug|Any CPU.ActiveCfg = Debug|Any CPU
		{3DEF71E3-663D-4673-A689-5144343FCA0B}.Debug|Any CPU.Build.0 = Debug|Any CPU
		{3DEF71E3-663D-4673-A689-5144343FCA0B}.Release|Any CPU.ActiveCfg = Release|Any CPU
		{3DEF71E3-663D-4673-A689-5144343FCA0B}.Release|Any CPU.Build.0 = Release|Any CPU
	EndGlobalSection
	GlobalSection(SolutionProperties) = preSolution
		HideSolutionNode = FALSE
	EndGlobalSection
	GlobalSection(ExtensibilityGlobals) = postSolution
		SolutionGuid = {794774A2-B5B6-450A-B8FA-FDA437DF9014}
	EndGlobalSection
EndGlobal
